
Microsoft Visual Studio Solution File, Format Version 12.00
# Visual Studio Version 16
VisualStudioVersion = 16.0.29509.3
MinimumVisualStudioVersion = 10.0.40219.1
Project("{9A19103F-16F7-4668-BE54-9A1E7A4F7556}") = "DTLS.Net", "DTLS.Net\DTLS.Net.csproj", "{B409CE38-996F-4D15-B336-FD1BAA5A7CC9}"
EndProject
Project("{9A19103F-16F7-4668-BE54-9A1E7A4F7556}") = "NetSnmpTestClient", "MyTestClient\NetSnmpTestClient.csproj", "{FB212499-A1BA-4807-BD0C-9FE3156A29F4}"
EndProject
Project("{9A19103F-16F7-4668-BE54-9A1E7A4F7556}") = "TestClient", "TestClient\TestClient.csproj", "{2F493C3D-E4F0-4578-A3A9-42B7F6356915}"
EndProject
Project("{9A19103F-16F7-4668-BE54-9A1E7A4F7556}") = "TestServer", "TestServer\TestServer.csproj", "{0A1FB939-36AF-472E-9D7F-6555D3EF9BE4}"
EndProject
Global
	GlobalSection(SolutionConfigurationPlatforms) = preSolution
		Debug|Any CPU = Debug|Any CPU
		Release|Any CPU = Release|Any CPU
	EndGlobalSection
	GlobalSection(ProjectConfigurationPlatforms) = postSolution
		{B409CE38-996F-4D15-B336-FD1BAA5A7CC9}.Debug|Any CPU.ActiveCfg = Debug|Any CPU
		{B409CE38-996F-4D15-B336-FD1BAA5A7CC9}.Debug|Any CPU.Build.0 = Debug|Any CPU
		{B409CE38-996F-4D15-B336-FD1BAA5A7CC9}.Release|Any CPU.ActiveCfg = Release|Any CPU
		{B409CE38-996F-4D15-B336-FD1BAA5A7CC9}.Release|Any CPU.Build.0 = Release|Any CPU
		{FB212499-A1BA-4807-BD0C-9FE3156A29F4}.Debug|Any CPU.ActiveCfg = Debug|Any CPU
		{FB212499-A1BA-4807-BD0C-9FE3156A29F4}.Debug|Any CPU.Build.0 = Debug|Any CPU
		{FB212499-A1BA-4807-BD0C-9FE3156A29F4}.Release|Any CPU.ActiveCfg = Release|Any CPU
		{FB212499-A1BA-4807-BD0C-9FE3156A29F4}.Release|Any CPU.Build.0 = Release|Any CPU
		{2F493C3D-E4F0-4578-A3A9-42B7F6356915}.Debug|Any CPU.ActiveCfg = Debug|Any CPU
		{2F493C3D-E4F0-4578-A3A9-42B7F6356915}.Debug|Any CPU.Build.0 = Debug|Any CPU
		{2F493C3D-E4F0-4578-A3A9-42B7F6356915}.Release|Any CPU.ActiveCfg = Release|Any CPU
		{2F493C3D-E4F0-4578-A3A9-42B7F6356915}.Release|Any CPU.Build.0 = Release|Any CPU
		{0A1FB939-36AF-472E-9D7F-6555D3EF9BE4}.Debug|Any CPU.ActiveCfg = Debug|Any CPU
		{0A1FB939-36AF-472E-9D7F-6555D3EF9BE4}.Debug|Any CPU.Build.0 = Debug|Any CPU
		{0A1FB939-36AF-472E-9D7F-6555D3EF9BE4}.Release|Any CPU.ActiveCfg = Release|Any CPU
		{0A1FB939-36AF-472E-9D7F-6555D3EF9BE4}.Release|Any CPU.Build.0 = Release|Any CPU
	EndGlobalSection
	GlobalSection(SolutionProperties) = preSolution
		HideSolutionNode = FALSE
	EndGlobalSection
	GlobalSection(ExtensibilityGlobals) = postSolution
		SolutionGuid = {25A91A6B-0909-4602-9D97-CCAD8DD48A4D}
	EndGlobalSection
EndGlobal
