
Microsoft Visual Studio Solution File, Format Version 12.00
# Visual Studio 14
VisualStudioVersion = 14.0.25123.0
MinimumVisualStudioVersion = 10.0.40219.1
Project("{2150E333-8FDC-42A3-9474-1A3956D46DE8}") = "src", "src", "{F03FE972-A21E-403E-B93F-28CA681083E3}"
EndProject
Project("{2150E333-8FDC-42A3-9474-1A3956D46DE8}") = "Solution Items", "Solution Items", "{52BB0453-16F8-412F-AC41-A588994757CA}"
	ProjectSection(SolutionItems) = preProject
		global.json = global.json
	EndProjectSection
EndProject
Project("{8BB2217D-0F2D-49D1-97BC-3654ED321F3B}") = "DTLS.Net", "src\DTLS.Net\DTLS.Net.xproj", "{6D15ED53-D821-4909-8318-859D1F98F1DA}"
EndProject
Project("{2150E333-8FDC-42A3-9474-1A3956D46DE8}") = "test", "test", "{296FC660-E501-4920-8F34-ADB6B9BCE099}"
EndProject
Project("{8BB2217D-0F2D-49D1-97BC-3654ED321F3B}") = "TestServer", "test\TestServer\TestServer.xproj", "{A5380CE2-6DA3-44D2-B495-AF167CEF7520}"
EndProject
Project("{8BB2217D-0F2D-49D1-97BC-3654ED321F3B}") = "TestClient", "test\TestClient\TestClient.xproj", "{EF71B497-E9D0-41D1-AEED-49F5532A4524}"
EndProject
Global
	GlobalSection(SolutionConfigurationPlatforms) = preSolution
		Debug|Any CPU = Debug|Any CPU
		Release|Any CPU = Release|Any CPU
	EndGlobalSection
	GlobalSection(ProjectConfigurationPlatforms) = postSolution
		{6D15ED53-D821-4909-8318-859D1F98F1DA}.Debug|Any CPU.ActiveCfg = Debug|Any CPU
		{6D15ED53-D821-4909-8318-859D1F98F1DA}.Debug|Any CPU.Build.0 = Debug|Any CPU
		{6D15ED53-D821-4909-8318-859D1F98F1DA}.Release|Any CPU.ActiveCfg = Release|Any CPU
		{6D15ED53-D821-4909-8318-859D1F98F1DA}.Release|Any CPU.Build.0 = Release|Any CPU
		{A5380CE2-6DA3-44D2-B495-AF167CEF7520}.Debug|Any CPU.ActiveCfg = Debug|Any CPU
		{A5380CE2-6DA3-44D2-B495-AF167CEF7520}.Debug|Any CPU.Build.0 = Debug|Any CPU
		{A5380CE2-6DA3-44D2-B495-AF167CEF7520}.Release|Any CPU.ActiveCfg = Release|Any CPU
		{A5380CE2-6DA3-44D2-B495-AF167CEF7520}.Release|Any CPU.Build.0 = Release|Any CPU
		{EF71B497-E9D0-41D1-AEED-49F5532A4524}.Debug|Any CPU.ActiveCfg = Debug|Any CPU
		{EF71B497-E9D0-41D1-AEED-49F5532A4524}.Debug|Any CPU.Build.0 = Debug|Any CPU
		{EF71B497-E9D0-41D1-AEED-49F5532A4524}.Release|Any CPU.ActiveCfg = Release|Any CPU
		{EF71B497-E9D0-41D1-AEED-49F5532A4524}.Release|Any CPU.Build.0 = Release|Any CPU
	EndGlobalSection
	GlobalSection(SolutionProperties) = preSolution
		HideSolutionNode = FALSE
	EndGlobalSection
	GlobalSection(NestedProjects) = preSolution
		{6D15ED53-D821-4909-8318-859D1F98F1DA} = {F03FE972-A21E-403E-B93F-28CA681083E3}
		{A5380CE2-6DA3-44D2-B495-AF167CEF7520} = {296FC660-E501-4920-8F34-ADB6B9BCE099}
		{EF71B497-E9D0-41D1-AEED-49F5532A4524} = {296FC660-E501-4920-8F34-ADB6B9BCE099}
	EndGlobalSection
EndGlobal
